
Microsoft Visual Studio Solution File, Format Version 12.00
# Visual Studio Version 16
VisualStudioVersion = 16.0.31112.23
MinimumVisualStudioVersion = 10.0.40219.1
Project("{9A19103F-16F7-4668-BE54-9A1E7A4F7556}") = "POSM.wpf", "POSM.wpf\POSM.wpf.csproj", "{AE915C28-FD77-4F69-9EA9-37448A9447E8}"
EndProject
Project("{9A19103F-16F7-4668-BE54-9A1E7A4F7556}") = "POSM.Domain", "POSM.Domain\POSM.Domain.csproj", "{80B40636-4293-4638-B1A7-188092F00052}"
EndProject
Project("{FAE04EC0-301F-11D3-BF4B-00C04F79EFBC}") = "POSM.EntityFramework", "POSM.EntityFramework\POSM.EntityFramework.csproj", "{5C834E24-9648-4082-9FE4-8C7D66211484}"
EndProject
Global
	GlobalSection(SolutionConfigurationPlatforms) = preSolution
		Debug|Any CPU = Debug|Any CPU
		Release|Any CPU = Release|Any CPU
	EndGlobalSection
	GlobalSection(ProjectConfigurationPlatforms) = postSolution
		{AE915C28-FD77-4F69-9EA9-37448A9447E8}.Debug|Any CPU.ActiveCfg = Debug|Any CPU
		{AE915C28-FD77-4F69-9EA9-37448A9447E8}.Debug|Any CPU.Build.0 = Debug|Any CPU
		{AE915C28-FD77-4F69-9EA9-37448A9447E8}.Release|Any CPU.ActiveCfg = Release|Any CPU
		{AE915C28-FD77-4F69-9EA9-37448A9447E8}.Release|Any CPU.Build.0 = Release|Any CPU
		{80B40636-4293-4638-B1A7-188092F00052}.Debug|Any CPU.ActiveCfg = Debug|Any CPU
		{80B40636-4293-4638-B1A7-188092F00052}.Debug|Any CPU.Build.0 = Debug|Any CPU
		{80B40636-4293-4638-B1A7-188092F00052}.Release|Any CPU.ActiveCfg = Release|Any CPU
		{80B40636-4293-4638-B1A7-188092F00052}.Release|Any CPU.Build.0 = Release|Any CPU
		{5C834E24-9648-4082-9FE4-8C7D66211484}.Debug|Any CPU.ActiveCfg = Debug|Any CPU
		{5C834E24-9648-4082-9FE4-8C7D66211484}.Debug|Any CPU.Build.0 = Debug|Any CPU
		{5C834E24-9648-4082-9FE4-8C7D66211484}.Release|Any CPU.ActiveCfg = Release|Any CPU
		{5C834E24-9648-4082-9FE4-8C7D66211484}.Release|Any CPU.Build.0 = Release|Any CPU
	EndGlobalSection
	GlobalSection(SolutionProperties) = preSolution
		HideSolutionNode = FALSE
	EndGlobalSection
	GlobalSection(ExtensibilityGlobals) = postSolution
		SolutionGuid = {68755F5C-C7EB-49D0-B8D5-B2A0BD049A78}
	EndGlobalSection
EndGlobal
